
Microsoft Visual Studio Solution File, Format Version 12.00
# Visual Studio Version 17
VisualStudioVersion = 17.14.36603.0 d17.14
MinimumVisualStudioVersion = 10.0.40219.1
Project("{FAE04EC0-301F-11D3-BF4B-00C04F79EFBC}") = "MyMathDll", "MyMathDll\MyMathDll.csproj", "{F322A2D6-AE86-4C59-915D-F61951D7F8C7}"
EndProject
Project("{FAE04EC0-301F-11D3-BF4B-00C04F79EFBC}") = "Lab2_.NET", "..\Lab2_.NET\Lab2_.NET.csproj", "{E825515F-F4A5-4DD1-8D5B-3791E95F6321}"
EndProject
Global
	GlobalSection(SolutionConfigurationPlatforms) = preSolution
		Debug|Any CPU = Debug|Any CPU
		Release|Any CPU = Release|Any CPU
	EndGlobalSection
	GlobalSection(ProjectConfigurationPlatforms) = postSolution
		{F322A2D6-AE86-4C59-915D-F61951D7F8C7}.Debug|Any CPU.ActiveCfg = Debug|Any CPU
		{F322A2D6-AE86-4C59-915D-F61951D7F8C7}.Debug|Any CPU.Build.0 = Debug|Any CPU
		{F322A2D6-AE86-4C59-915D-F61951D7F8C7}.Release|Any CPU.ActiveCfg = Release|Any CPU
		{F322A2D6-AE86-4C59-915D-F61951D7F8C7}.Release|Any CPU.Build.0 = Release|Any CPU
		{E825515F-F4A5-4DD1-8D5B-3791E95F6321}.Debug|Any CPU.ActiveCfg = Debug|Any CPU
		{E825515F-F4A5-4DD1-8D5B-3791E95F6321}.Debug|Any CPU.Build.0 = Debug|Any CPU
		{E825515F-F4A5-4DD1-8D5B-3791E95F6321}.Release|Any CPU.ActiveCfg = Release|Any CPU
		{E825515F-F4A5-4DD1-8D5B-3791E95F6321}.Release|Any CPU.Build.0 = Release|Any CPU
	EndGlobalSection
	GlobalSection(SolutionProperties) = preSolution
		HideSolutionNode = FALSE
	EndGlobalSection
	GlobalSection(ExtensibilityGlobals) = postSolution
		SolutionGuid = {7DA96E62-63EF-42CA-B1A2-924B15E2293D}
	EndGlobalSection
EndGlobal
